
Microsoft Visual Studio Solution File, Format Version 12.00
# Visual Studio 15
VisualStudioVersion = 15.0.26430.13
MinimumVisualStudioVersion = 10.0.40219.1
Project("{FAE04EC0-301F-11D3-BF4B-00C04F79EFBC}") = "DroneLander.Android", "DroneLander\DroneLander.Android\DroneLander.Android.csproj", "{0269983B-A1EA-4183-B3C6-5006C32DF5A5}"
EndProject
Project("{FAE04EC0-301F-11D3-BF4B-00C04F79EFBC}") = "DroneLander", "DroneLander\DroneLander\DroneLander.csproj", "{1041AE94-FFBB-4329-9CBC-54EBB740C316}"
EndProject
Project("{FAE04EC0-301F-11D3-BF4B-00C04F79EFBC}") = "DroneLander.UWP", "DroneLander\DroneLander.UWP\DroneLander.UWP.csproj", "{F3926A7D-CACA-4699-80BF-4DD7E92B1848}"
EndProject
Project("{FAE04EC0-301F-11D3-BF4B-00C04F79EFBC}") = "DroneLander.iOS", "DroneLander\DroneLander.iOS\DroneLander.iOS.csproj", "{EC1633A0-A23A-443B-BF97-EA499CEC25FA}"
EndProject
Global
	GlobalSection(SolutionConfigurationPlatforms) = preSolution
		Ad-Hoc|Any CPU = Ad-Hoc|Any CPU
		Ad-Hoc|ARM = Ad-Hoc|ARM
		Ad-Hoc|iPhone = Ad-Hoc|iPhone
		Ad-Hoc|iPhoneSimulator = Ad-Hoc|iPhoneSimulator
		Ad-Hoc|x64 = Ad-Hoc|x64
		Ad-Hoc|x86 = Ad-Hoc|x86
		AppStore|Any CPU = AppStore|Any CPU
		AppStore|ARM = AppStore|ARM
		AppStore|iPhone = AppStore|iPhone
		AppStore|iPhoneSimulator = AppStore|iPhoneSimulator
		AppStore|x64 = AppStore|x64
		AppStore|x86 = AppStore|x86
		Debug|Any CPU = Debug|Any CPU
		Debug|ARM = Debug|ARM
		Debug|iPhone = Debug|iPhone
		Debug|iPhoneSimulator = Debug|iPhoneSimulator
		Debug|x64 = Debug|x64
		Debug|x86 = Debug|x86
		Release|Any CPU = Release|Any CPU
		Release|ARM = Release|ARM
		Release|iPhone = Release|iPhone
		Release|iPhoneSimulator = Release|iPhoneSimulator
		Release|x64 = Release|x64
		Release|x86 = Release|x86
	EndGlobalSection
	GlobalSection(ProjectConfigurationPlatforms) = postSolution
		{0269983B-A1EA-4183-B3C6-5006C32DF5A5}.Ad-Hoc|Any CPU.ActiveCfg = Release|Any CPU
		{0269983B-A1EA-4183-B3C6-5006C32DF5A5}.Ad-Hoc|Any CPU.Build.0 = Release|Any CPU
		{0269983B-A1EA-4183-B3C6-5006C32DF5A5}.Ad-Hoc|Any CPU.Deploy.0 = Release|Any CPU
		{0269983B-A1EA-4183-B3C6-5006C32DF5A5}.Ad-Hoc|ARM.ActiveCfg = Release|Any CPU
		{0269983B-A1EA-4183-B3C6-5006C32DF5A5}.Ad-Hoc|ARM.Build.0 = Release|Any CPU
		{0269983B-A1EA-4183-B3C6-5006C32DF5A5}.Ad-Hoc|ARM.Deploy.0 = Release|Any CPU
		{0269983B-A1EA-4183-B3C6-5006C32DF5A5}.Ad-Hoc|iPhone.ActiveCfg = Release|Any CPU
		{0269983B-A1EA-4183-B3C6-5006C32DF5A5}.Ad-Hoc|iPhone.Build.0 = Release|Any CPU
		{0269983B-A1EA-4183-B3C6-5006C32DF5A5}.Ad-Hoc|iPhone.Deploy.0 = Release|Any CPU
		{0269983B-A1EA-4183-B3C6-5006C32DF5A5}.Ad-Hoc|iPhoneSimulator.ActiveCfg = Release|Any CPU
		{0269983B-A1EA-4183-B3C6-5006C32DF5A5}.Ad-Hoc|iPhoneSimulator.Build.0 = Release|Any CPU
		{0269983B-A1EA-4183-B3C6-5006C32DF5A5}.Ad-Hoc|iPhoneSimulator.Deploy.0 = Release|Any CPU
		{0269983B-A1EA-4183-B3C6-5006C32DF5A5}.Ad-Hoc|x64.ActiveCfg = Release|Any CPU
		{0269983B-A1EA-4183-B3C6-5006C32DF5A5}.Ad-Hoc|x64.Build.0 = Release|Any CPU
		{0269983B-A1EA-4183-B3C6-5006C32DF5A5}.Ad-Hoc|x64.Deploy.0 = Release|Any CPU
		{0269983B-A1EA-4183-B3C6-5006C32DF5A5}.Ad-Hoc|x86.ActiveCfg = Release|Any CPU
		{0269983B-A1EA-4183-B3C6-5006C32DF5A5}.Ad-Hoc|x86.Build.0 = Release|Any CPU
		{0269983B-A1EA-4183-B3C6-5006C32DF5A5}.Ad-Hoc|x86.Deploy.0 = Release|Any CPU
		{0269983B-A1EA-4183-B3C6-5006C32DF5A5}.AppStore|Any CPU.ActiveCfg = Release|Any CPU
		{0269983B-A1EA-4183-B3C6-5006C32DF5A5}.AppStore|Any CPU.Build.0 = Release|Any CPU
		{0269983B-A1EA-4183-B3C6-5006C32DF5A5}.AppStore|Any CPU.Deploy.0 = Release|Any CPU
		{0269983B-A1EA-4183-B3C6-5006C32DF5A5}.AppStore|ARM.ActiveCfg = Release|Any CPU
		{0269983B-A1EA-4183-B3C6-5006C32DF5A5}.AppStore|ARM.Build.0 = Release|Any CPU
		{0269983B-A1EA-4183-B3C6-5006C32DF5A5}.AppStore|ARM.Deploy.0 = Release|Any CPU
		{0269983B-A1EA-4183-B3C6-5006C32DF5A5}.AppStore|iPhone.ActiveCfg = Release|Any CPU
		{0269983B-A1EA-4183-B3C6-5006C32DF5A5}.AppStore|iPhone.Build.0 = Release|Any CPU
		{0269983B-A1EA-4183-B3C6-5006C32DF5A5}.AppStore|iPhone.Deploy.0 = Release|Any CPU
		{0269983B-A1EA-4183-B3C6-5006C32DF5A5}.AppStore|iPhoneSimulator.ActiveCfg = Release|Any CPU
		{0269983B-A1EA-4183-B3C6-5006C32DF5A5}.AppStore|iPhoneSimulator.Build.0 = Release|Any CPU
		{0269983B-A1EA-4183-B3C6-5006C32DF5A5}.AppStore|iPhoneSimulator.Deploy.0 = Release|Any CPU
		{0269983B-A1EA-4183-B3C6-5006C32DF5A5}.AppStore|x64.ActiveCfg = Release|Any CPU
		{0269983B-A1EA-4183-B3C6-5006C32DF5A5}.AppStore|x64.Build.0 = Release|Any CPU
		{0269983B-A1EA-4183-B3C6-5006C32DF5A5}.AppStore|x64.Deploy.0 = Release|Any CPU
		{0269983B-A1EA-4183-B3C6-5006C32DF5A5}.AppStore|x86.ActiveCfg = Release|Any CPU
		{0269983B-A1EA-4183-B3C6-5006C32DF5A5}.AppStore|x86.Build.0 = Release|Any CPU
		{0269983B-A1EA-4183-B3C6-5006C32DF5A5}.AppStore|x86.Deploy.0 = Release|Any CPU
		{0269983B-A1EA-4183-B3C6-5006C32DF5A5}.Debug|Any CPU.ActiveCfg = Debug|Any CPU
		{0269983B-A1EA-4183-B3C6-5006C32DF5A5}.Debug|Any CPU.Build.0 = Debug|Any CPU
		{0269983B-A1EA-4183-B3C6-5006C32DF5A5}.Debug|Any CPU.Deploy.0 = Debug|Any CPU
		{0269983B-A1EA-4183-B3C6-5006C32DF5A5}.Debug|ARM.ActiveCfg = Debug|Any CPU
		{0269983B-A1EA-4183-B3C6-5006C32DF5A5}.Debug|ARM.Build.0 = Debug|Any CPU
		{0269983B-A1EA-4183-B3C6-5006C32DF5A5}.Debug|ARM.Deploy.0 = Debug|Any CPU
		{0269983B-A1EA-4183-B3C6-5006C32DF5A5}.Debug|iPhone.ActiveCfg = Debug|Any CPU
		{0269983B-A1EA-4183-B3C6-5006C32DF5A5}.Debug|iPhone.Build.0 = Debug|Any CPU
		{0269983B-A1EA-4183-B3C6-5006C32DF5A5}.Debug|iPhone.Deploy.0 = Debug|Any CPU
		{0269983B-A1EA-4183-B3C6-5006C32DF5A5}.Debug|iPhoneSimulator.ActiveCfg = Debug|Any CPU
		{0269983B-A1EA-4183-B3C6-5006C32DF5A5}.Debug|iPhoneSimulator.Build.0 = Debug|Any CPU
		{0269983B-A1EA-4183-B3C6-5006C32DF5A5}.Debug|iPhoneSimulator.Deploy.0 = Debug|Any CPU
		{0269983B-A1EA-4183-B3C6-5006C32DF5A5}.Debug|x64.ActiveCfg = Debug|Any CPU
		{0269983B-A1EA-4183-B3C6-5006C32DF5A5}.Debug|x64.Build.0 = Debug|Any CPU
		{0269983B-A1EA-4183-B3C6-5006C32DF5A5}.Debug|x64.Deploy.0 = Debug|Any CPU
		{0269983B-A1EA-4183-B3C6-5006C32DF5A5}.Debug|x86.ActiveCfg = Debug|Any CPU
		{0269983B-A1EA-4183-B3C6-5006C32DF5A5}.Debug|x86.Build.0 = Debug|Any CPU
		{0269983B-A1EA-4183-B3C6-5006C32DF5A5}.Debug|x86.Deploy.0 = Debug|Any CPU
		{0269983B-A1EA-4183-B3C6-5006C32DF5A5}.Release|Any CPU.ActiveCfg = Release|Any CPU
		{0269983B-A1EA-4183-B3C6-5006C32DF5A5}.Release|Any CPU.Build.0 = Release|Any CPU
		{0269983B-A1EA-4183-B3C6-5006C32DF5A5}.Release|Any CPU.Deploy.0 = Release|Any CPU
		{0269983B-A1EA-4183-B3C6-5006C32DF5A5}.Release|ARM.ActiveCfg = Release|Any CPU
		{0269983B-A1EA-4183-B3C6-5006C32DF5A5}.Release|ARM.Build.0 = Release|Any CPU
		{0269983B-A1EA-4183-B3C6-5006C32DF5A5}.Release|ARM.Deploy.0 = Release|Any CPU
		{0269983B-A1EA-4183-B3C6-5006C32DF5A5}.Release|iPhone.ActiveCfg = Release|Any CPU
		{0269983B-A1EA-4183-B3C6-5006C32DF5A5}.Release|iPhone.Build.0 = Release|Any CPU
		{0269983B-A1EA-4183-B3C6-5006C32DF5A5}.Release|iPhone.Deploy.0 = Release|Any CPU
		{0269983B-A1EA-4183-B3C6-5006C32DF5A5}.Release|iPhoneSimulator.ActiveCfg = Release|Any CPU
		{0269983B-A1EA-4183-B3C6-5006C32DF5A5}.Release|iPhoneSimulator.Build.0 = Release|Any CPU
		{0269983B-A1EA-4183-B3C6-5006C32DF5A5}.Release|iPhoneSimulator.Deploy.0 = Release|Any CPU
		{0269983B-A1EA-4183-B3C6-5006C32DF5A5}.Release|x64.ActiveCfg = Release|Any CPU
		{0269983B-A1EA-4183-B3C6-5006C32DF5A5}.Release|x64.Build.0 = Release|Any CPU
		{0269983B-A1EA-4183-B3C6-5006C32DF5A5}.Release|x64.Deploy.0 = Release|Any CPU
		{0269983B-A1EA-4183-B3C6-5006C32DF5A5}.Release|x86.ActiveCfg = Release|Any CPU
		{0269983B-A1EA-4183-B3C6-5006C32DF5A5}.Release|x86.Build.0 = Release|Any CPU
		{0269983B-A1EA-4183-B3C6-5006C32DF5A5}.Release|x86.Deploy.0 = Release|Any CPU
		{1041AE94-FFBB-4329-9CBC-54EBB740C316}.Ad-Hoc|Any CPU.ActiveCfg = Release|Any CPU
		{1041AE94-FFBB-4329-9CBC-54EBB740C316}.Ad-Hoc|Any CPU.Build.0 = Release|Any CPU
		{1041AE94-FFBB-4329-9CBC-54EBB740C316}.Ad-Hoc|ARM.ActiveCfg = Release|Any CPU
		{1041AE94-FFBB-4329-9CBC-54EBB740C316}.Ad-Hoc|ARM.Build.0 = Release|Any CPU
		{1041AE94-FFBB-4329-9CBC-54EBB740C316}.Ad-Hoc|iPhone.ActiveCfg = Release|Any CPU
		{1041AE94-FFBB-4329-9CBC-54EBB740C316}.Ad-Hoc|iPhone.Build.0 = Release|Any CPU
		{1041AE94-FFBB-4329-9CBC-54EBB740C316}.Ad-Hoc|iPhoneSimulator.ActiveCfg = Release|Any CPU
		{1041AE94-FFBB-4329-9CBC-54EBB740C316}.Ad-Hoc|iPhoneSimulator.Build.0 = Release|Any CPU
		{1041AE94-FFBB-4329-9CBC-54EBB740C316}.Ad-Hoc|x64.ActiveCfg = Release|Any CPU
		{1041AE94-FFBB-4329-9CBC-54EBB740C316}.Ad-Hoc|x64.Build.0 = Release|Any CPU
		{1041AE94-FFBB-4329-9CBC-54EBB740C316}.Ad-Hoc|x86.ActiveCfg = Release|Any CPU
		{1041AE94-FFBB-4329-9CBC-54EBB740C316}.Ad-Hoc|x86.Build.0 = Release|Any CPU
		{1041AE94-FFBB-4329-9CBC-54EBB740C316}.AppStore|Any CPU.ActiveCfg = Release|Any CPU
		{1041AE94-FFBB-4329-9CBC-54EBB740C316}.AppStore|Any CPU.Build.0 = Release|Any CPU
		{1041AE94-FFBB-4329-9CBC-54EBB740C316}.AppStore|ARM.ActiveCfg = Release|Any CPU
		{1041AE94-FFBB-4329-9CBC-54EBB740C316}.AppStore|ARM.Build.0 = Release|Any CPU
		{1041AE94-FFBB-4329-9CBC-54EBB740C316}.AppStore|iPhone.ActiveCfg = Release|Any CPU
		{1041AE94-FFBB-4329-9CBC-54EBB740C316}.AppStore|iPhone.Build.0 = Release|Any CPU
		{1041AE94-FFBB-4329-9CBC-54EBB740C316}.AppStore|iPhoneSimulator.ActiveCfg = Release|Any CPU
		{1041AE94-FFBB-4329-9CBC-54EBB740C316}.AppStore|iPhoneSimulator.Build.0 = Release|Any CPU
		{1041AE94-FFBB-4329-9CBC-54EBB740C316}.AppStore|x64.ActiveCfg = Release|Any CPU
		{1041AE94-FFBB-4329-9CBC-54EBB740C316}.AppStore|x64.Build.0 = Release|Any CPU
		{1041AE94-FFBB-4329-9CBC-54EBB740C316}.AppStore|x86.ActiveCfg = Release|Any CPU
		{1041AE94-FFBB-4329-9CBC-54EBB740C316}.AppStore|x86.Build.0 = Release|Any CPU
		{1041AE94-FFBB-4329-9CBC-54EBB740C316}.Debug|Any CPU.ActiveCfg = Debug|Any CPU
		{1041AE94-FFBB-4329-9CBC-54EBB740C316}.Debug|Any CPU.Build.0 = Debug|Any CPU
		{1041AE94-FFBB-4329-9CBC-54EBB740C316}.Debug|ARM.ActiveCfg = Debug|Any CPU
		{1041AE94-FFBB-4329-9CBC-54EBB740C316}.Debug|ARM.Build.0 = Debug|Any CPU
		{1041AE94-FFBB-4329-9CBC-54EBB740C316}.Debug|iPhone.ActiveCfg = Debug|Any CPU
		{1041AE94-FFBB-4329-9CBC-54EBB740C316}.Debug|iPhone.Build.0 = Debug|Any CPU
		{1041AE94-FFBB-4329-9CBC-54EBB740C316}.Debug|iPhoneSimulator.ActiveCfg = Debug|Any CPU
		{1041AE94-FFBB-4329-9CBC-54EBB740C316}.Debug|iPhoneSimulator.Build.0 = Debug|Any CPU
		{1041AE94-FFBB-4329-9CBC-54EBB740C316}.Debug|x64.ActiveCfg = Debug|Any CPU
		{1041AE94-FFBB-4329-9CBC-54EBB740C316}.Debug|x64.Build.0 = Debug|Any CPU
		{1041AE94-FFBB-4329-9CBC-54EBB740C316}.Debug|x86.ActiveCfg = Debug|Any CPU
		{1041AE94-FFBB-4329-9CBC-54EBB740C316}.Debug|x86.Build.0 = Debug|Any CPU
		{1041AE94-FFBB-4329-9CBC-54EBB740C316}.Release|Any CPU.ActiveCfg = Release|Any CPU
		{1041AE94-FFBB-4329-9CBC-54EBB740C316}.Release|Any CPU.Build.0 = Release|Any CPU
		{1041AE94-FFBB-4329-9CBC-54EBB740C316}.Release|ARM.ActiveCfg = Release|Any CPU
		{1041AE94-FFBB-4329-9CBC-54EBB740C316}.Release|ARM.Build.0 = Release|Any CPU
		{1041AE94-FFBB-4329-9CBC-54EBB740C316}.Release|iPhone.ActiveCfg = Release|Any CPU
		{1041AE94-FFBB-4329-9CBC-54EBB740C316}.Release|iPhone.Build.0 = Release|Any CPU
		{1041AE94-FFBB-4329-9CBC-54EBB740C316}.Release|iPhoneSimulator.ActiveCfg = Release|Any CPU
		{1041AE94-FFBB-4329-9CBC-54EBB740C316}.Release|iPhoneSimulator.Build.0 = Release|Any CPU
		{1041AE94-FFBB-4329-9CBC-54EBB740C316}.Release|x64.ActiveCfg = Release|Any CPU
		{1041AE94-FFBB-4329-9CBC-54EBB740C316}.Release|x64.Build.0 = Release|Any CPU
		{1041AE94-FFBB-4329-9CBC-54EBB740C316}.Release|x86.ActiveCfg = Release|Any CPU
		{1041AE94-FFBB-4329-9CBC-54EBB740C316}.Release|x86.Build.0 = Release|Any CPU
		{F3926A7D-CACA-4699-80BF-4DD7E92B1848}.Ad-Hoc|Any CPU.ActiveCfg = Release|x86
		{F3926A7D-CACA-4699-80BF-4DD7E92B1848}.Ad-Hoc|Any CPU.Build.0 = Release|x86
		{F3926A7D-CACA-4699-80BF-4DD7E92B1848}.Ad-Hoc|Any CPU.Deploy.0 = Release|x86
		{F3926A7D-CACA-4699-80BF-4DD7E92B1848}.Ad-Hoc|ARM.ActiveCfg = Release|ARM
		{F3926A7D-CACA-4699-80BF-4DD7E92B1848}.Ad-Hoc|ARM.Build.0 = Release|ARM
		{F3926A7D-CACA-4699-80BF-4DD7E92B1848}.Ad-Hoc|ARM.Deploy.0 = Release|ARM
		{F3926A7D-CACA-4699-80BF-4DD7E92B1848}.Ad-Hoc|iPhone.ActiveCfg = Release|x86
		{F3926A7D-CACA-4699-80BF-4DD7E92B1848}.Ad-Hoc|iPhone.Build.0 = Release|x86
		{F3926A7D-CACA-4699-80BF-4DD7E92B1848}.Ad-Hoc|iPhone.Deploy.0 = Release|x86
		{F3926A7D-CACA-4699-80BF-4DD7E92B1848}.Ad-Hoc|iPhoneSimulator.ActiveCfg = Release|x86
		{F3926A7D-CACA-4699-80BF-4DD7E92B1848}.Ad-Hoc|iPhoneSimulator.Build.0 = Release|x86
		{F3926A7D-CACA-4699-80BF-4DD7E92B1848}.Ad-Hoc|iPhoneSimulator.Deploy.0 = Release|x86
		{F3926A7D-CACA-4699-80BF-4DD7E92B1848}.Ad-Hoc|x64.ActiveCfg = Release|x64
		{F3926A7D-CACA-4699-80BF-4DD7E92B1848}.Ad-Hoc|x64.Build.0 = Release|x64
		{F3926A7D-CACA-4699-80BF-4DD7E92B1848}.Ad-Hoc|x64.Deploy.0 = Release|x64
		{F3926A7D-CACA-4699-80BF-4DD7E92B1848}.Ad-Hoc|x86.ActiveCfg = Release|x86
		{F3926A7D-CACA-4699-80BF-4DD7E92B1848}.Ad-Hoc|x86.Build.0 = Release|x86
		{F3926A7D-CACA-4699-80BF-4DD7E92B1848}.Ad-Hoc|x86.Deploy.0 = Release|x86
		{F3926A7D-CACA-4699-80BF-4DD7E92B1848}.AppStore|Any CPU.ActiveCfg = Release|x86
		{F3926A7D-CACA-4699-80BF-4DD7E92B1848}.AppStore|Any CPU.Build.0 = Release|x86
		{F3926A7D-CACA-4699-80BF-4DD7E92B1848}.AppStore|Any CPU.Deploy.0 = Release|x86
		{F3926A7D-CACA-4699-80BF-4DD7E92B1848}.AppStore|ARM.ActiveCfg = Release|ARM
		{F3926A7D-CACA-4699-80BF-4DD7E92B1848}.AppStore|ARM.Build.0 = Release|ARM
		{F3926A7D-CACA-4699-80BF-4DD7E92B1848}.AppStore|ARM.Deploy.0 = Release|ARM
		{F3926A7D-CACA-4699-80BF-4DD7E92B1848}.AppStore|iPhone.ActiveCfg = Release|x86
		{F3926A7D-CACA-4699-80BF-4DD7E92B1848}.AppStore|iPhone.Build.0 = Release|x86
		{F3926A7D-CACA-4699-80BF-4DD7E92B1848}.AppStore|iPhone.Deploy.0 = Release|x86
		{F3926A7D-CACA-4699-80BF-4DD7E92B1848}.AppStore|iPhoneSimulator.ActiveCfg = Release|x86
		{F3926A7D-CACA-4699-80BF-4DD7E92B1848}.AppStore|iPhoneSimulator.Build.0 = Release|x86
		{F3926A7D-CACA-4699-80BF-4DD7E92B1848}.AppStore|iPhoneSimulator.Deploy.0 = Release|x86
		{F3926A7D-CACA-4699-80BF-4DD7E92B1848}.AppStore|x64.ActiveCfg = Release|x64
		{F3926A7D-CACA-4699-80BF-4DD7E92B1848}.AppStore|x64.Build.0 = Release|x64
		{F3926A7D-CACA-4699-80BF-4DD7E92B1848}.AppStore|x64.Deploy.0 = Release|x64
		{F3926A7D-CACA-4699-80BF-4DD7E92B1848}.AppStore|x86.ActiveCfg = Release|x86
		{F3926A7D-CACA-4699-80BF-4DD7E92B1848}.AppStore|x86.Build.0 = Release|x86
		{F3926A7D-CACA-4699-80BF-4DD7E92B1848}.AppStore|x86.Deploy.0 = Release|x86
		{F3926A7D-CACA-4699-80BF-4DD7E92B1848}.Debug|Any CPU.ActiveCfg = Debug|x86
		{F3926A7D-CACA-4699-80BF-4DD7E92B1848}.Debug|Any CPU.Build.0 = Debug|x86
		{F3926A7D-CACA-4699-80BF-4DD7E92B1848}.Debug|Any CPU.Deploy.0 = Debug|x86
		{F3926A7D-CACA-4699-80BF-4DD7E92B1848}.Debug|ARM.ActiveCfg = Debug|ARM
		{F3926A7D-CACA-4699-80BF-4DD7E92B1848}.Debug|ARM.Build.0 = Debug|ARM
		{F3926A7D-CACA-4699-80BF-4DD7E92B1848}.Debug|ARM.Deploy.0 = Debug|ARM
		{F3926A7D-CACA-4699-80BF-4DD7E92B1848}.Debug|iPhone.ActiveCfg = Debug|x86
		{F3926A7D-CACA-4699-80BF-4DD7E92B1848}.Debug|iPhoneSimulator.ActiveCfg = Debug|x86
		{F3926A7D-CACA-4699-80BF-4DD7E92B1848}.Debug|x64.ActiveCfg = Debug|x64
		{F3926A7D-CACA-4699-80BF-4DD7E92B1848}.Debug|x64.Build.0 = Debug|x64
		{F3926A7D-CACA-4699-80BF-4DD7E92B1848}.Debug|x64.Deploy.0 = Debug|x64
		{F3926A7D-CACA-4699-80BF-4DD7E92B1848}.Debug|x86.ActiveCfg = Debug|x86
		{F3926A7D-CACA-4699-80BF-4DD7E92B1848}.Debug|x86.Build.0 = Debug|x86
		{F3926A7D-CACA-4699-80BF-4DD7E92B1848}.Debug|x86.Deploy.0 = Debug|x86
		{F3926A7D-CACA-4699-80BF-4DD7E92B1848}.Release|Any CPU.ActiveCfg = Release|x86
		{F3926A7D-CACA-4699-80BF-4DD7E92B1848}.Release|ARM.ActiveCfg = Release|ARM
		{F3926A7D-CACA-4699-80BF-4DD7E92B1848}.Release|ARM.Build.0 = Release|ARM
		{F3926A7D-CACA-4699-80BF-4DD7E92B1848}.Release|ARM.Deploy.0 = Release|ARM
		{F3926A7D-CACA-4699-80BF-4DD7E92B1848}.Release|iPhone.ActiveCfg = Release|x86
		{F3926A7D-CACA-4699-80BF-4DD7E92B1848}.Release|iPhoneSimulator.ActiveCfg = Release|x86
		{F3926A7D-CACA-4699-80BF-4DD7E92B1848}.Release|x64.ActiveCfg = Release|x64
		{F3926A7D-CACA-4699-80BF-4DD7E92B1848}.Release|x64.Build.0 = Release|x64
		{F3926A7D-CACA-4699-80BF-4DD7E92B1848}.Release|x64.Deploy.0 = Release|x64
		{F3926A7D-CACA-4699-80BF-4DD7E92B1848}.Release|x86.ActiveCfg = Release|x86
		{F3926A7D-CACA-4699-80BF-4DD7E92B1848}.Release|x86.Build.0 = Release|x86
		{F3926A7D-CACA-4699-80BF-4DD7E92B1848}.Release|x86.Deploy.0 = Release|x86
		{EC1633A0-A23A-443B-BF97-EA499CEC25FA}.Ad-Hoc|Any CPU.ActiveCfg = Ad-Hoc|iPhone
		{EC1633A0-A23A-443B-BF97-EA499CEC25FA}.Ad-Hoc|ARM.ActiveCfg = Ad-Hoc|iPhone
		{EC1633A0-A23A-443B-BF97-EA499CEC25FA}.Ad-Hoc|iPhone.ActiveCfg = Ad-Hoc|iPhone
		{EC1633A0-A23A-443B-BF97-EA499CEC25FA}.Ad-Hoc|iPhone.Build.0 = Ad-Hoc|iPhone
		{EC1633A0-A23A-443B-BF97-EA499CEC25FA}.Ad-Hoc|iPhoneSimulator.ActiveCfg = Ad-Hoc|iPhoneSimulator
		{EC1633A0-A23A-443B-BF97-EA499CEC25FA}.Ad-Hoc|iPhoneSimulator.Build.0 = Ad-Hoc|iPhoneSimulator
		{EC1633A0-A23A-443B-BF97-EA499CEC25FA}.Ad-Hoc|x64.ActiveCfg = Ad-Hoc|iPhone
		{EC1633A0-A23A-443B-BF97-EA499CEC25FA}.Ad-Hoc|x86.ActiveCfg = Ad-Hoc|iPhone
		{EC1633A0-A23A-443B-BF97-EA499CEC25FA}.AppStore|Any CPU.ActiveCfg = AppStore|iPhone
		{EC1633A0-A23A-443B-BF97-EA499CEC25FA}.AppStore|ARM.ActiveCfg = AppStore|iPhone
		{EC1633A0-A23A-443B-BF97-EA499CEC25FA}.AppStore|iPhone.ActiveCfg = AppStore|iPhone
		{EC1633A0-A23A-443B-BF97-EA499CEC25FA}.AppStore|iPhone.Build.0 = AppStore|iPhone
		{EC1633A0-A23A-443B-BF97-EA499CEC25FA}.AppStore|iPhoneSimulator.ActiveCfg = AppStore|iPhoneSimulator
		{EC1633A0-A23A-443B-BF97-EA499CEC25FA}.AppStore|iPhoneSimulator.Build.0 = AppStore|iPhoneSimulator
		{EC1633A0-A23A-443B-BF97-EA499CEC25FA}.AppStore|x64.ActiveCfg = AppStore|iPhone
		{EC1633A0-A23A-443B-BF97-EA499CEC25FA}.AppStore|x86.ActiveCfg = AppStore|iPhone
		{EC1633A0-A23A-443B-BF97-EA499CEC25FA}.Debug|Any CPU.ActiveCfg = Debug|iPhone
		{EC1633A0-A23A-443B-BF97-EA499CEC25FA}.Debug|ARM.ActiveCfg = Debug|iPhone
		{EC1633A0-A23A-443B-BF97-EA499CEC25FA}.Debug|iPhone.ActiveCfg = Debug|iPhone
		{EC1633A0-A23A-443B-BF97-EA499CEC25FA}.Debug|iPhone.Build.0 = Debug|iPhone
		{EC1633A0-A23A-443B-BF97-EA499CEC25FA}.Debug|iPhoneSimulator.ActiveCfg = Debug|iPhoneSimulator
		{EC1633A0-A23A-443B-BF97-EA499CEC25FA}.Debug|iPhoneSimulator.Build.0 = Debug|iPhoneSimulator
		{EC1633A0-A23A-443B-BF97-EA499CEC25FA}.Debug|x64.ActiveCfg = Debug|iPhone
		{EC1633A0-A23A-443B-BF97-EA499CEC25FA}.Debug|x86.ActiveCfg = Debug|iPhone
		{EC1633A0-A23A-443B-BF97-EA499CEC25FA}.Release|Any CPU.ActiveCfg = Release|iPhone
		{EC1633A0-A23A-443B-BF97-EA499CEC25FA}.Release|ARM.ActiveCfg = Release|iPhone
		{EC1633A0-A23A-443B-BF97-EA499CEC25FA}.Release|iPhone.ActiveCfg = Release|iPhone
		{EC1633A0-A23A-443B-BF97-EA499CEC25FA}.Release|iPhone.Build.0 = Release|iPhone
		{EC1633A0-A23A-443B-BF97-EA499CEC25FA}.Release|iPhoneSimulator.ActiveCfg = Release|iPhoneSimulator
		{EC1633A0-A23A-443B-BF97-EA499CEC25FA}.Release|iPhoneSimulator.Build.0 = Release|iPhoneSimulator
		{EC1633A0-A23A-443B-BF97-EA499CEC25FA}.Release|x64.ActiveCfg = Release|iPhone
		{EC1633A0-A23A-443B-BF97-EA499CEC25FA}.Release|x86.ActiveCfg = Release|iPhone
	EndGlobalSection
	GlobalSection(SolutionProperties) = preSolution
		HideSolutionNode = FALSE
	EndGlobalSection
EndGlobal
